// !$*UTF8*$!
{
	archiveVersion = 1;
	classes = {
	};
	objectVersion = 50;
	objects = {

/* Begin PBXBuildFile section */
		60BDF4A7267F4A2500EF86B6 /* main.cpp in Sources */ = {isa = PBXBuildFile; fileRef = 60BDF4A6267F4A2500EF86B6 /* main.cpp */; };
		60BF9BDA268C70A800D11A81 /* libvulkan.1.2.176.dylib in Copy Files */ = {isa = PBXBuildFile; fileRef = 60BF9BD9268C70A800D11A81 /* libvulkan.1.2.176.dylib */; };
		60BF9BDB268C70AB00D11A81 /* libvulkan.1.2.176.dylib in Frameworks */ = {isa = PBXBuildFile; fileRef = 60BF9BD9268C70A800D11A81 /* libvulkan.1.2.176.dylib */; };
		60BF9BE0268C71F900D11A81 /* libglfw.3.3.dylib in Copy Files */ = {isa = PBXBuildFile; fileRef = 60BF9BDF268C71F900D11A81 /* libglfw.3.3.dylib */; };
		60BF9BE1268C71FB00D11A81 /* libglfw.3.3.dylib in Frameworks */ = {isa = PBXBuildFile; fileRef = 60BF9BDF268C71F900D11A81 /* libglfw.3.3.dylib */; };
/* End PBXBuildFile section */

/* Begin PBXCopyFilesBuildPhase section */
		60BDF4A1267F4A2500EF86B6 /* Copy Files */ = {
			isa = PBXCopyFilesBuildPhase;
			buildActionMask = 12;
			dstPath = "";
			dstSubfolderSpec = 10;
			files = (
				60BF9BDA268C70A800D11A81 /* libvulkan.1.2.176.dylib in Copy Files */,
				60BF9BE0268C71F900D11A81 /* libglfw.3.3.dylib in Copy Files */,
			);
			name = "Copy Files";
			runOnlyForDeploymentPostprocessing = 0;
		};
/* End PBXCopyFilesBuildPhase section */

/* Begin PBXFileReference section */
		602479482687113D00280F83 /* shader.vert */ = {isa = PBXFileReference; lastKnownFileType = sourcecode.glsl; path = shader.vert; sourceTree = "<group>"; };
		602479492687114C00280F83 /* shader.frag */ = {isa = PBXFileReference; lastKnownFileType = sourcecode.glsl; path = shader.frag; sourceTree = "<group>"; };
		6024794A2687121B00280F83 /* compile.sh */ = {isa = PBXFileReference; lastKnownFileType = text.script.sh; path = compile.sh; sourceTree = "<group>"; };
		6024794B268716EA00280F83 /* vert.spv */ = {isa = PBXFileReference; lastKnownFileType = file; path = vert.spv; sourceTree = "<group>"; };
		6024794C268716EE00280F83 /* frag.spv */ = {isa = PBXFileReference; lastKnownFileType = file; path = frag.spv; sourceTree = "<group>"; };
		60BDF4A3267F4A2500EF86B6 /* TestVulkan */ = {isa = PBXFileReference; explicitFileType = "compiled.mach-o.executable"; includeInIndex = 0; path = TestVulkan; sourceTree = BUILT_PRODUCTS_DIR; };
		60BDF4A6267F4A2500EF86B6 /* main.cpp */ = {isa = PBXFileReference; lastKnownFileType = sourcecode.cpp.cpp; path = main.cpp; sourceTree = "<group>"; };
		60BDF4AE267F4C7000EF86B6 /* libglfw.3.3.dylib */ = {isa = PBXFileReference; lastKnownFileType = "compiled.mach-o.dylib"; name = libglfw.3.3.dylib; path = ../../../../opt/homebrew/Cellar/glfw/3.3.4/lib/libglfw.3.3.dylib; sourceTree = "<group>"; };
		60BDF4B2267F4D1600EF86B6 /* vulkan.framework */ = {isa = PBXFileReference; lastKnownFileType = wrapper.framework; name = vulkan.framework; path = ../../VulkanSDK/1.2.176.1/macOS/Frameworks/vulkan.framework; sourceTree = "<group>"; };
		60BDF4B5267F52B000EF86B6 /* libvulkan.1.2.176.dylib */ = {isa = PBXFileReference; lastKnownFileType = "compiled.mach-o.dylib"; name = libvulkan.1.2.176.dylib; path = ../../../../usr/local/lib/libvulkan.1.2.176.dylib; sourceTree = "<group>"; };
		60BDF4C8267F568C00EF86B6 /* README.md */ = {isa = PBXFileReference; lastKnownFileType = net.daringfireball.markdown; path = README.md; sourceTree = "<group>"; };
		60BF9BD9268C70A800D11A81 /* libvulkan.1.2.176.dylib */ = {isa = PBXFileReference; lastKnownFileType = "compiled.mach-o.dylib"; name = libvulkan.1.2.176.dylib; path = ../../../../usr/local/lib/libvulkan.1.2.176.dylib; sourceTree = "<group>"; };
		60BF9BDF268C71F900D11A81 /* libglfw.3.3.dylib */ = {isa = PBXFileReference; lastKnownFileType = "compiled.mach-o.dylib"; name = libglfw.3.3.dylib; path = ../../../../opt/homebrew/Cellar/glfw/3.3.4/lib/libglfw.3.3.dylib; sourceTree = "<group>"; };
/* End PBXFileReference section */

/* Begin PBXFrameworksBuildPhase section */
		60BDF4A0267F4A2500EF86B6 /* Frameworks */ = {
			isa = PBXFrameworksBuildPhase;
			buildActionMask = 2147483647;
			files = (
				60BF9BDB268C70AB00D11A81 /* libvulkan.1.2.176.dylib in Frameworks */,
				60BF9BE1268C71FB00D11A81 /* libglfw.3.3.dylib in Frameworks */,
			);
			runOnlyForDeploymentPostprocessing = 0;
		};
/* End PBXFrameworksBuildPhase section */

/* Begin PBXGroup section */
		602479462687109B00280F83 /* shaders */ = {
			isa = PBXGroup;
			children = (
				6024794C268716EE00280F83 /* frag.spv */,
				6024794B268716EA00280F83 /* vert.spv */,
				602479482687113D00280F83 /* shader.vert */,
				602479492687114C00280F83 /* shader.frag */,
				6024794A2687121B00280F83 /* compile.sh */,
			);
			path = shaders;
			sourceTree = "<group>";
		};
		60BDF49A267F4A2500EF86B6 = {
			isa = PBXGroup;
			children = (
				60BF9BDF268C71F900D11A81 /* libglfw.3.3.dylib */,
				60BF9BD9268C70A800D11A81 /* libvulkan.1.2.176.dylib */,
				60BDF4A5267F4A2500EF86B6 /* TestVulkan */,
				60BDF4A4267F4A2500EF86B6 /* Products */,
				60BDF4AD267F4C7000EF86B6 /* Frameworks */,
			);
			sourceTree = "<group>";
		};
		60BDF4A4267F4A2500EF86B6 /* Products */ = {
			isa = PBXGroup;
			children = (
				60BDF4A3267F4A2500EF86B6 /* TestVulkan */,
			);
			name = Products;
			sourceTree = "<group>";
		};
		60BDF4A5267F4A2500EF86B6 /* TestVulkan */ = {
			isa = PBXGroup;
			children = (
				602479462687109B00280F83 /* shaders */,
				60BDF4A6267F4A2500EF86B6 /* main.cpp */,
				60BDF4C8267F568C00EF86B6 /* README.md */,
			);
			path = TestVulkan;
			sourceTree = "<group>";
		};
		60BDF4AD267F4C7000EF86B6 /* Frameworks */ = {
			isa = PBXGroup;
			children = (
				60BDF4B5267F52B000EF86B6 /* libvulkan.1.2.176.dylib */,
				60BDF4B2267F4D1600EF86B6 /* vulkan.framework */,
				60BDF4AE267F4C7000EF86B6 /* libglfw.3.3.dylib */,
			);
			name = Frameworks;
			sourceTree = "<group>";
		};
/* End PBXGroup section */

/* Begin PBXNativeTarget section */
		60BDF4A2267F4A2500EF86B6 /* TestVulkan */ = {
			isa = PBXNativeTarget;
			buildConfigurationList = 60BDF4AA267F4A2500EF86B6 /* Build configuration list for PBXNativeTarget "TestVulkan" */;
			buildPhases = (
				60BDF49F267F4A2500EF86B6 /* Sources */,
				60BDF4A0267F4A2500EF86B6 /* Frameworks */,
				60BDF4A1267F4A2500EF86B6 /* Copy Files */,
			);
			buildRules = (
			);
			dependencies = (
			);
			name = TestVulkan;
			productName = TestVulkan;
			productReference = 60BDF4A3267F4A2500EF86B6 /* TestVulkan */;
			productType = "com.apple.product-type.tool";
		};
/* End PBXNativeTarget section */

/* Begin PBXProject section */
		60BDF49B267F4A2500EF86B6 /* Project object */ = {
			isa = PBXProject;
			attributes = {
				LastUpgradeCheck = 1250;
				TargetAttributes = {
					60BDF4A2267F4A2500EF86B6 = {
						CreatedOnToolsVersion = 12.5;
					};
				};
			};
			buildConfigurationList = 60BDF49E267F4A2500EF86B6 /* Build configuration list for PBXProject "TestVulkan" */;
			compatibilityVersion = "Xcode 9.3";
			developmentRegion = en;
			hasScannedForEncodings = 0;
			knownRegions = (
				en,
				Base,
			);
			mainGroup = 60BDF49A267F4A2500EF86B6;
			productRefGroup = 60BDF4A4267F4A2500EF86B6 /* Products */;
			projectDirPath = "";
			projectRoot = "";
			targets = (
				60BDF4A2267F4A2500EF86B6 /* TestVulkan */,
			);
		};
/* End PBXProject section */

/* Begin PBXSourcesBuildPhase section */
		60BDF49F267F4A2500EF86B6 /* Sources */ = {
			isa = PBXSourcesBuildPhase;
			buildActionMask = 2147483647;
			files = (
				60BDF4A7267F4A2500EF86B6 /* main.cpp in Sources */,
			);
			runOnlyForDeploymentPostprocessing = 0;
		};
/* End PBXSourcesBuildPhase section */

/* Begin XCBuildConfiguration section */
		60BDF4A8267F4A2500EF86B6 /* Debug */ = {
			isa = XCBuildConfiguration;
			buildSettings = {
				ALWAYS_SEARCH_USER_PATHS = NO;
				CLANG_ANALYZER_NONNULL = YES;
				CLANG_ANALYZER_NUMBER_OBJECT_CONVERSION = YES_AGGRESSIVE;
				CLANG_CXX_LANGUAGE_STANDARD = "gnu++14";
				CLANG_CXX_LIBRARY = "libc++";
				CLANG_ENABLE_MODULES = YES;
				CLANG_ENABLE_OBJC_ARC = YES;
				CLANG_ENABLE_OBJC_WEAK = YES;
				CLANG_WARN_BLOCK_CAPTURE_AUTORELEASING = YES;
				CLANG_WARN_BOOL_CONVERSION = YES;
				CLANG_WARN_COMMA = YES;
				CLANG_WARN_CONSTANT_CONVERSION = YES;
				CLANG_WARN_DEPRECATED_OBJC_IMPLEMENTATIONS = YES;
				CLANG_WARN_DIRECT_OBJC_ISA_USAGE = YES_ERROR;
				CLANG_WARN_DOCUMENTATION_COMMENTS = YES;
				CLANG_WARN_EMPTY_BODY = YES;
				CLANG_WARN_ENUM_CONVERSION = YES;
				CLANG_WARN_INFINITE_RECURSION = YES;
				CLANG_WARN_INT_CONVERSION = YES;
				CLANG_WARN_NON_LITERAL_NULL_CONVERSION = YES;
				CLANG_WARN_OBJC_IMPLICIT_RETAIN_SELF = YES;
				CLANG_WARN_OBJC_LITERAL_CONVERSION = YES;
				CLANG_WARN_OBJC_ROOT_CLASS = YES_ERROR;
				CLANG_WARN_QUOTED_INCLUDE_IN_FRAMEWORK_HEADER = YES;
				CLANG_WARN_RANGE_LOOP_ANALYSIS = YES;
				CLANG_WARN_STRICT_PROTOTYPES = YES;
				CLANG_WARN_SUSPICIOUS_MOVE = YES;
				CLANG_WARN_UNGUARDED_AVAILABILITY = YES_AGGRESSIVE;
				CLANG_WARN_UNREACHABLE_CODE = YES;
				CLANG_WARN__DUPLICATE_METHOD_MATCH = YES;
				COPY_PHASE_STRIP = NO;
				DEBUG_INFORMATION_FORMAT = dwarf;
				ENABLE_STRICT_OBJC_MSGSEND = YES;
				ENABLE_TESTABILITY = YES;
				GCC_C_LANGUAGE_STANDARD = gnu11;
				GCC_DYNAMIC_NO_PIC = NO;
				GCC_NO_COMMON_BLOCKS = YES;
				GCC_OPTIMIZATION_LEVEL = 0;
				GCC_PREPROCESSOR_DEFINITIONS = (
					"DEBUG=1",
					"$(inherited)",
				);
				GCC_WARN_64_TO_32_BIT_CONVERSION = YES;
				GCC_WARN_ABOUT_RETURN_TYPE = YES_ERROR;
				GCC_WARN_UNDECLARED_SELECTOR = YES;
				GCC_WARN_UNINITIALIZED_AUTOS = YES_AGGRESSIVE;
				GCC_WARN_UNUSED_FUNCTION = YES;
				GCC_WARN_UNUSED_VARIABLE = YES;
				MACOSX_DEPLOYMENT_TARGET = 11.3;
				MTL_ENABLE_DEBUG_INFO = INCLUDE_SOURCE;
				MTL_FAST_MATH = YES;
				ONLY_ACTIVE_ARCH = YES;
				SDKROOT = macosx;
			};
			name = Debug;
		};
		60BDF4A9267F4A2500EF86B6 /* Release */ = {
			isa = XCBuildConfiguration;
			buildSettings = {
				ALWAYS_SEARCH_USER_PATHS = NO;
				CLANG_ANALYZER_NONNULL = YES;
				CLANG_ANALYZER_NUMBER_OBJECT_CONVERSION = YES_AGGRESSIVE;
				CLANG_CXX_LANGUAGE_STANDARD = "gnu++14";
				CLANG_CXX_LIBRARY = "libc++";
				CLANG_ENABLE_MODULES = YES;
				CLANG_ENABLE_OBJC_ARC = YES;
				CLANG_ENABLE_OBJC_WEAK = YES;
				CLANG_WARN_BLOCK_CAPTURE_AUTORELEASING = YES;
				CLANG_WARN_BOOL_CONVERSION = YES;
				CLANG_WARN_COMMA = YES;
				CLANG_WARN_CONSTANT_CONVERSION = YES;
				CLANG_WARN_DEPRECATED_OBJC_IMPLEMENTATIONS = YES;
				CLANG_WARN_DIRECT_OBJC_ISA_USAGE = YES_ERROR;
				CLANG_WARN_DOCUMENTATION_COMMENTS = YES;
				CLANG_WARN_EMPTY_BODY = YES;
				CLANG_WARN_ENUM_CONVERSION = YES;
				CLANG_WARN_INFINITE_RECURSION = YES;
				CLANG_WARN_INT_CONVERSION = YES;
				CLANG_WARN_NON_LITERAL_NULL_CONVERSION = YES;
				CLANG_WARN_OBJC_IMPLICIT_RETAIN_SELF = YES;
				CLANG_WARN_OBJC_LITERAL_CONVERSION = YES;
				CLANG_WARN_OBJC_ROOT_CLASS = YES_ERROR;
				CLANG_WARN_QUOTED_INCLUDE_IN_FRAMEWORK_HEADER = YES;
				CLANG_WARN_RANGE_LOOP_ANALYSIS = YES;
				CLANG_WARN_STRICT_PROTOTYPES = YES;
				CLANG_WARN_SUSPICIOUS_MOVE = YES;
				CLANG_WARN_UNGUARDED_AVAILABILITY = YES_AGGRESSIVE;
				CLANG_WARN_UNREACHABLE_CODE = YES;
				CLANG_WARN__DUPLICATE_METHOD_MATCH = YES;
				COPY_PHASE_STRIP = NO;
				DEBUG_INFORMATION_FORMAT = "dwarf-with-dsym";
				ENABLE_NS_ASSERTIONS = NO;
				ENABLE_STRICT_OBJC_MSGSEND = YES;
				GCC_C_LANGUAGE_STANDARD = gnu11;
				GCC_NO_COMMON_BLOCKS = YES;
				GCC_WARN_64_TO_32_BIT_CONVERSION = YES;
				GCC_WARN_ABOUT_RETURN_TYPE = YES_ERROR;
				GCC_WARN_UNDECLARED_SELECTOR = YES;
				GCC_WARN_UNINITIALIZED_AUTOS = YES_AGGRESSIVE;
				GCC_WARN_UNUSED_FUNCTION = YES;
				GCC_WARN_UNUSED_VARIABLE = YES;
				MACOSX_DEPLOYMENT_TARGET = 11.3;
				MTL_ENABLE_DEBUG_INFO = NO;
				MTL_FAST_MATH = YES;
				SDKROOT = macosx;
			};
			name = Release;
		};
		60BDF4AB267F4A2500EF86B6 /* Debug */ = {
			isa = XCBuildConfiguration;
			buildSettings = {
				CLANG_CXX_LANGUAGE_STANDARD = "c++17";
				CODE_SIGN_STYLE = Automatic;
				FRAMEWORK_SEARCH_PATHS = "";
				HEADER_SEARCH_PATHS = (
					/opt/homebrew/Cellar/glfw/3.3.4/include,
					/usr/local/include,
				);
				LIBRARY_SEARCH_PATHS = (
					/opt/homebrew/Cellar/glfw/3.3.4/lib,
					/usr/local/lib,
				);
				PRODUCT_NAME = "$(TARGET_NAME)";
			};
			name = Debug;
		};
		60BDF4AC267F4A2500EF86B6 /* Release */ = {
			isa = XCBuildConfiguration;
			buildSettings = {
				CLANG_CXX_LANGUAGE_STANDARD = "c++17";
				CODE_SIGN_STYLE = Automatic;
				FRAMEWORK_SEARCH_PATHS = "";
				HEADER_SEARCH_PATHS = (
					/opt/homebrew/Cellar/glfw/3.3.4/include,
					/usr/local/include,
				);
				LIBRARY_SEARCH_PATHS = (
					/opt/homebrew/Cellar/glfw/3.3.4/lib,
					/usr/local/lib,
				);
				PRODUCT_NAME = "$(TARGET_NAME)";
			};
			name = Release;
		};
/* End XCBuildConfiguration section */

/* Begin XCConfigurationList section */
		60BDF49E267F4A2500EF86B6 /* Build configuration list for PBXProject "TestVulkan" */ = {
			isa = XCConfigurationList;
			buildConfigurations = (
				60BDF4A8267F4A2500EF86B6 /* Debug */,
				60BDF4A9267F4A2500EF86B6 /* Release */,
			);
			defaultConfigurationIsVisible = 0;
			defaultConfigurationName = Release;
		};
		60BDF4AA267F4A2500EF86B6 /* Build configuration list for PBXNativeTarget "TestVulkan" */ = {
			isa = XCConfigurationList;
			buildConfigurations = (
				60BDF4AB267F4A2500EF86B6 /* Debug */,
				60BDF4AC267F4A2500EF86B6 /* Release */,
			);
			defaultConfigurationIsVisible = 0;
			defaultConfigurationName = Release;
		};
/* End XCConfigurationList section */
	};
	rootObject = 60BDF49B267F4A2500EF86B6 /* Project object */;
}
